
Microsoft Visual Studio Solution File, Format Version 12.00
# Visual Studio Version 17
VisualStudioVersion = 17.8.0.0
MinimumVisualStudioVersion = 17.8.0.0
Project("{2150E333-8FDC-42A3-9474-1A3956D46DE8}") = "Orchestration", "Orchestration", "{6769D8A8-7DDF-9F1A-6194-7060CBC2FEA6}"
EndProject
Project("{FAE04EC0-301F-11D3-BF4B-00C04F79EFBC}") = "Visma.Yuki.Blog.Aspire.Orchestration", "Orchestration\Visma.Yuki.Blog.Aspire.Orchestration\Visma.Yuki.Blog.Aspire.Orchestration.csproj", "{A00BF8FA-B44F-4551-919C-AE7EBA3AA40F}"
EndProject
Project("{FAE04EC0-301F-11D3-BF4B-00C04F79EFBC}") = "Visma.Yuki.Blog.Shared", "Orchestration\Visma.Yuki.Blog.Shared\Visma.Yuki.Blog.Shared.csproj", "{CB7D6561-B7A0-46C9-8CC5-195A86A71A71}"
EndProject
Project("{2150E333-8FDC-42A3-9474-1A3956D46DE8}") = "Adapters", "Adapters", "{09DF2EE5-5FE7-3EC7-59CB-CAD7E0928979}"
EndProject
Project("{2150E333-8FDC-42A3-9474-1A3956D46DE8}") = "Driving", "Driving", "{36C93CDE-9095-4B1C-D63C-CBD79332101D}"
EndProject
Project("{FAE04EC0-301F-11D3-BF4B-00C04F79EFBC}") = "Visma.Yuki.Blog.Api", "Adapters\Driving\Visma.Yuki.Blog.Api\Visma.Yuki.Blog.Api.csproj", "{02E0105A-C5E8-4855-9E66-9C96DD2E797D}"
EndProject
Project("{2150E333-8FDC-42A3-9474-1A3956D46DE8}") = "Driven", "Driven", "{FB724721-73D2-401B-52EF-C52D09C4CAF7}"
EndProject
Project("{FAE04EC0-301F-11D3-BF4B-00C04F79EFBC}") = "Visma.Yuki.Blog.Infrastructure", "Adapters\Driven\Visma.Yuki.Blog.Infrastructure\Visma.Yuki.Blog.Infrastructure.csproj", "{D8745230-4DC8-4D3A-99B5-B7C1C01E36AC}"
EndProject
Project("{2150E333-8FDC-42A3-9474-1A3956D46DE8}") = "Core", "Core", "{FBF56CC3-7AE6-AD2D-3F14-7F97FD322CD6}"
EndProject
Project("{FAE04EC0-301F-11D3-BF4B-00C04F79EFBC}") = "Visma.Yuki.Blog.Domain", "Core\Visma.Yuki.Blog.Domain\Visma.Yuki.Blog.Domain.csproj", "{AE6BCBB2-1593-457D-993A-A112E34C75D4}"
EndProject
Project("{FAE04EC0-301F-11D3-BF4B-00C04F79EFBC}") = "Visma.Yuki.Blog.Application", "Core\Visma.Yuki.Blog.Application\Visma.Yuki.Blog.Application.csproj", "{3B897333-915C-4B3A-82A0-9ADC429AA3A5}"
EndProject
Project("{2150E333-8FDC-42A3-9474-1A3956D46DE8}") = "Tests", "Tests", "{0AB3BF05-4346-4AA6-1389-037BE0695223}"
EndProject
Project("{FAE04EC0-301F-11D3-BF4B-00C04F79EFBC}") = "Visma.Yuki.Blog.Tests.Architecture", "Tests\Visma.Yuki.Blog.Tests.Architecture\Visma.Yuki.Blog.Tests.Architecture.csproj", "{FC72EAA8-7DF0-4B26-A756-7DD316BA64B8}"
EndProject
Project("{FAE04EC0-301F-11D3-BF4B-00C04F79EFBC}") = "Visma.Yuki.Blog.Tests.Unit", "Tests\Visma.Yuki.Blog.Tests.Unit\Visma.Yuki.Blog.Tests.Unit.csproj", "{17168DF0-44B4-465C-9113-2AA03D9A15A3}"
EndProject
Project("{FAE04EC0-301F-11D3-BF4B-00C04F79EFBC}") = "Visma.Yuki.Blog.Tests.Integration", "Tests\Visma.Yuki.Blog.Tests.Integration\Visma.Yuki.Blog.Tests.Integration.csproj", "{969A8E40-74BF-430A-8280-C4D85BE9A580}"
EndProject
Global
	GlobalSection(SolutionConfigurationPlatforms) = preSolution
		Debug|Any CPU = Debug|Any CPU
		Debug|x64 = Debug|x64
		Debug|x86 = Debug|x86
		Release|Any CPU = Release|Any CPU
		Release|x64 = Release|x64
		Release|x86 = Release|x86
	EndGlobalSection
	GlobalSection(ProjectConfigurationPlatforms) = postSolution
		{A00BF8FA-B44F-4551-919C-AE7EBA3AA40F}.Debug|Any CPU.ActiveCfg = Debug|Any CPU
		{A00BF8FA-B44F-4551-919C-AE7EBA3AA40F}.Debug|Any CPU.Build.0 = Debug|Any CPU
		{A00BF8FA-B44F-4551-919C-AE7EBA3AA40F}.Debug|x64.ActiveCfg = Debug|Any CPU
		{A00BF8FA-B44F-4551-919C-AE7EBA3AA40F}.Debug|x64.Build.0 = Debug|Any CPU
		{A00BF8FA-B44F-4551-919C-AE7EBA3AA40F}.Debug|x86.ActiveCfg = Debug|Any CPU
		{A00BF8FA-B44F-4551-919C-AE7EBA3AA40F}.Debug|x86.Build.0 = Debug|Any CPU
		{A00BF8FA-B44F-4551-919C-AE7EBA3AA40F}.Release|Any CPU.ActiveCfg = Release|Any CPU
		{A00BF8FA-B44F-4551-919C-AE7EBA3AA40F}.Release|Any CPU.Build.0 = Release|Any CPU
		{A00BF8FA-B44F-4551-919C-AE7EBA3AA40F}.Release|x64.ActiveCfg = Release|Any CPU
		{A00BF8FA-B44F-4551-919C-AE7EBA3AA40F}.Release|x64.Build.0 = Release|Any CPU
		{A00BF8FA-B44F-4551-919C-AE7EBA3AA40F}.Release|x86.ActiveCfg = Release|Any CPU
		{A00BF8FA-B44F-4551-919C-AE7EBA3AA40F}.Release|x86.Build.0 = Release|Any CPU
		{CB7D6561-B7A0-46C9-8CC5-195A86A71A71}.Debug|Any CPU.ActiveCfg = Debug|Any CPU
		{CB7D6561-B7A0-46C9-8CC5-195A86A71A71}.Debug|Any CPU.Build.0 = Debug|Any CPU
		{CB7D6561-B7A0-46C9-8CC5-195A86A71A71}.Debug|x64.ActiveCfg = Debug|Any CPU
		{CB7D6561-B7A0-46C9-8CC5-195A86A71A71}.Debug|x64.Build.0 = Debug|Any CPU
		{CB7D6561-B7A0-46C9-8CC5-195A86A71A71}.Debug|x86.ActiveCfg = Debug|Any CPU
		{CB7D6561-B7A0-46C9-8CC5-195A86A71A71}.Debug|x86.Build.0 = Debug|Any CPU
		{CB7D6561-B7A0-46C9-8CC5-195A86A71A71}.Release|Any CPU.ActiveCfg = Release|Any CPU
		{CB7D6561-B7A0-46C9-8CC5-195A86A71A71}.Release|Any CPU.Build.0 = Release|Any CPU
		{CB7D6561-B7A0-46C9-8CC5-195A86A71A71}.Release|x64.ActiveCfg = Release|Any CPU
		{CB7D6561-B7A0-46C9-8CC5-195A86A71A71}.Release|x64.Build.0 = Release|Any CPU
		{CB7D6561-B7A0-46C9-8CC5-195A86A71A71}.Release|x86.ActiveCfg = Release|Any CPU
		{CB7D6561-B7A0-46C9-8CC5-195A86A71A71}.Release|x86.Build.0 = Release|Any CPU
		{02E0105A-C5E8-4855-9E66-9C96DD2E797D}.Debug|Any CPU.ActiveCfg = Debug|Any CPU
		{02E0105A-C5E8-4855-9E66-9C96DD2E797D}.Debug|Any CPU.Build.0 = Debug|Any CPU
		{02E0105A-C5E8-4855-9E66-9C96DD2E797D}.Debug|x64.ActiveCfg = Debug|Any CPU
		{02E0105A-C5E8-4855-9E66-9C96DD2E797D}.Debug|x64.Build.0 = Debug|Any CPU
		{02E0105A-C5E8-4855-9E66-9C96DD2E797D}.Debug|x86.ActiveCfg = Debug|Any CPU
		{02E0105A-C5E8-4855-9E66-9C96DD2E797D}.Debug|x86.Build.0 = Debug|Any CPU
		{02E0105A-C5E8-4855-9E66-9C96DD2E797D}.Release|Any CPU.ActiveCfg = Release|Any CPU
		{02E0105A-C5E8-4855-9E66-9C96DD2E797D}.Release|Any CPU.Build.0 = Release|Any CPU
		{02E0105A-C5E8-4855-9E66-9C96DD2E797D}.Release|x64.ActiveCfg = Release|Any CPU
		{02E0105A-C5E8-4855-9E66-9C96DD2E797D}.Release|x64.Build.0 = Release|Any CPU
		{02E0105A-C5E8-4855-9E66-9C96DD2E797D}.Release|x86.ActiveCfg = Release|Any CPU
		{02E0105A-C5E8-4855-9E66-9C96DD2E797D}.Release|x86.Build.0 = Release|Any CPU
		{D8745230-4DC8-4D3A-99B5-B7C1C01E36AC}.Debug|Any CPU.ActiveCfg = Debug|Any CPU
		{D8745230-4DC8-4D3A-99B5-B7C1C01E36AC}.Debug|Any CPU.Build.0 = Debug|Any CPU
		{D8745230-4DC8-4D3A-99B5-B7C1C01E36AC}.Debug|x64.ActiveCfg = Debug|Any CPU
		{D8745230-4DC8-4D3A-99B5-B7C1C01E36AC}.Debug|x64.Build.0 = Debug|Any CPU
		{D8745230-4DC8-4D3A-99B5-B7C1C01E36AC}.Debug|x86.ActiveCfg = Debug|Any CPU
		{D8745230-4DC8-4D3A-99B5-B7C1C01E36AC}.Debug|x86.Build.0 = Debug|Any CPU
		{D8745230-4DC8-4D3A-99B5-B7C1C01E36AC}.Release|Any CPU.ActiveCfg = Release|Any CPU
		{D8745230-4DC8-4D3A-99B5-B7C1C01E36AC}.Release|Any CPU.Build.0 = Release|Any CPU
		{D8745230-4DC8-4D3A-99B5-B7C1C01E36AC}.Release|x64.ActiveCfg = Release|Any CPU
		{D8745230-4DC8-4D3A-99B5-B7C1C01E36AC}.Release|x64.Build.0 = Release|Any CPU
		{D8745230-4DC8-4D3A-99B5-B7C1C01E36AC}.Release|x86.ActiveCfg = Release|Any CPU
		{D8745230-4DC8-4D3A-99B5-B7C1C01E36AC}.Release|x86.Build.0 = Release|Any CPU
		{AE6BCBB2-1593-457D-993A-A112E34C75D4}.Debug|Any CPU.ActiveCfg = Debug|Any CPU
		{AE6BCBB2-1593-457D-993A-A112E34C75D4}.Debug|Any CPU.Build.0 = Debug|Any CPU
		{AE6BCBB2-1593-457D-993A-A112E34C75D4}.Debug|x64.ActiveCfg = Debug|Any CPU
		{AE6BCBB2-1593-457D-993A-A112E34C75D4}.Debug|x64.Build.0 = Debug|Any CPU
		{AE6BCBB2-1593-457D-993A-A112E34C75D4}.Debug|x86.ActiveCfg = Debug|Any CPU
		{AE6BCBB2-1593-457D-993A-A112E34C75D4}.Debug|x86.Build.0 = Debug|Any CPU
		{AE6BCBB2-1593-457D-993A-A112E34C75D4}.Release|Any CPU.ActiveCfg = Release|Any CPU
		{AE6BCBB2-1593-457D-993A-A112E34C75D4}.Release|Any CPU.Build.0 = Release|Any CPU
		{AE6BCBB2-1593-457D-993A-A112E34C75D4}.Release|x64.ActiveCfg = Release|Any CPU
		{AE6BCBB2-1593-457D-993A-A112E34C75D4}.Release|x64.Build.0 = Release|Any CPU
		{AE6BCBB2-1593-457D-993A-A112E34C75D4}.Release|x86.ActiveCfg = Release|Any CPU
		{AE6BCBB2-1593-457D-993A-A112E34C75D4}.Release|x86.Build.0 = Release|Any CPU
		{3B897333-915C-4B3A-82A0-9ADC429AA3A5}.Debug|Any CPU.ActiveCfg = Debug|Any CPU
		{3B897333-915C-4B3A-82A0-9ADC429AA3A5}.Debug|Any CPU.Build.0 = Debug|Any CPU
		{3B897333-915C-4B3A-82A0-9ADC429AA3A5}.Debug|x64.ActiveCfg = Debug|Any CPU
		{3B897333-915C-4B3A-82A0-9ADC429AA3A5}.Debug|x64.Build.0 = Debug|Any CPU
		{3B897333-915C-4B3A-82A0-9ADC429AA3A5}.Debug|x86.ActiveCfg = Debug|Any CPU
		{3B897333-915C-4B3A-82A0-9ADC429AA3A5}.Debug|x86.Build.0 = Debug|Any CPU
		{3B897333-915C-4B3A-82A0-9ADC429AA3A5}.Release|Any CPU.ActiveCfg = Release|Any CPU
		{3B897333-915C-4B3A-82A0-9ADC429AA3A5}.Release|Any CPU.Build.0 = Release|Any CPU
		{3B897333-915C-4B3A-82A0-9ADC429AA3A5}.Release|x64.ActiveCfg = Release|Any CPU
		{3B897333-915C-4B3A-82A0-9ADC429AA3A5}.Release|x64.Build.0 = Release|Any CPU
		{3B897333-915C-4B3A-82A0-9ADC429AA3A5}.Release|x86.ActiveCfg = Release|Any CPU
		{3B897333-915C-4B3A-82A0-9ADC429AA3A5}.Release|x86.Build.0 = Release|Any CPU
		{FC72EAA8-7DF0-4B26-A756-7DD316BA64B8}.Debug|Any CPU.ActiveCfg = Debug|Any CPU
		{FC72EAA8-7DF0-4B26-A756-7DD316BA64B8}.Debug|Any CPU.Build.0 = Debug|Any CPU
		{FC72EAA8-7DF0-4B26-A756-7DD316BA64B8}.Debug|x64.ActiveCfg = Debug|Any CPU
		{FC72EAA8-7DF0-4B26-A756-7DD316BA64B8}.Debug|x64.Build.0 = Debug|Any CPU
		{FC72EAA8-7DF0-4B26-A756-7DD316BA64B8}.Debug|x86.ActiveCfg = Debug|Any CPU
		{FC72EAA8-7DF0-4B26-A756-7DD316BA64B8}.Debug|x86.Build.0 = Debug|Any CPU
		{FC72EAA8-7DF0-4B26-A756-7DD316BA64B8}.Release|Any CPU.ActiveCfg = Release|Any CPU
		{FC72EAA8-7DF0-4B26-A756-7DD316BA64B8}.Release|Any CPU.Build.0 = Release|Any CPU
		{FC72EAA8-7DF0-4B26-A756-7DD316BA64B8}.Release|x64.ActiveCfg = Release|Any CPU
		{FC72EAA8-7DF0-4B26-A756-7DD316BA64B8}.Release|x64.Build.0 = Release|Any CPU
		{FC72EAA8-7DF0-4B26-A756-7DD316BA64B8}.Release|x86.ActiveCfg = Release|Any CPU
		{FC72EAA8-7DF0-4B26-A756-7DD316BA64B8}.Release|x86.Build.0 = Release|Any CPU
		{17168DF0-44B4-465C-9113-2AA03D9A15A3}.Debug|Any CPU.ActiveCfg = Debug|Any CPU
		{17168DF0-44B4-465C-9113-2AA03D9A15A3}.Debug|Any CPU.Build.0 = Debug|Any CPU
		{17168DF0-44B4-465C-9113-2AA03D9A15A3}.Debug|x64.ActiveCfg = Debug|Any CPU
		{17168DF0-44B4-465C-9113-2AA03D9A15A3}.Debug|x64.Build.0 = Debug|Any CPU
		{17168DF0-44B4-465C-9113-2AA03D9A15A3}.Debug|x86.ActiveCfg = Debug|Any CPU
		{17168DF0-44B4-465C-9113-2AA03D9A15A3}.Debug|x86.Build.0 = Debug|Any CPU
		{17168DF0-44B4-465C-9113-2AA03D9A15A3}.Release|Any CPU.ActiveCfg = Release|Any CPU
		{17168DF0-44B4-465C-9113-2AA03D9A15A3}.Release|Any CPU.Build.0 = Release|Any CPU
		{17168DF0-44B4-465C-9113-2AA03D9A15A3}.Release|x64.ActiveCfg = Release|Any CPU
		{17168DF0-44B4-465C-9113-2AA03D9A15A3}.Release|x64.Build.0 = Release|Any CPU
		{17168DF0-44B4-465C-9113-2AA03D9A15A3}.Release|x86.ActiveCfg = Release|Any CPU
		{17168DF0-44B4-465C-9113-2AA03D9A15A3}.Release|x86.Build.0 = Release|Any CPU
		{969A8E40-74BF-430A-8280-C4D85BE9A580}.Debug|Any CPU.ActiveCfg = Debug|Any CPU
		{969A8E40-74BF-430A-8280-C4D85BE9A580}.Debug|Any CPU.Build.0 = Debug|Any CPU
		{969A8E40-74BF-430A-8280-C4D85BE9A580}.Debug|x64.ActiveCfg = Debug|Any CPU
		{969A8E40-74BF-430A-8280-C4D85BE9A580}.Debug|x64.Build.0 = Debug|Any CPU
		{969A8E40-74BF-430A-8280-C4D85BE9A580}.Debug|x86.ActiveCfg = Debug|Any CPU
		{969A8E40-74BF-430A-8280-C4D85BE9A580}.Debug|x86.Build.0 = Debug|Any CPU
		{969A8E40-74BF-430A-8280-C4D85BE9A580}.Release|Any CPU.ActiveCfg = Release|Any CPU
		{969A8E40-74BF-430A-8280-C4D85BE9A580}.Release|Any CPU.Build.0 = Release|Any CPU
		{969A8E40-74BF-430A-8280-C4D85BE9A580}.Release|x64.ActiveCfg = Release|Any CPU
		{969A8E40-74BF-430A-8280-C4D85BE9A580}.Release|x64.Build.0 = Release|Any CPU
		{969A8E40-74BF-430A-8280-C4D85BE9A580}.Release|x86.ActiveCfg = Release|Any CPU
		{969A8E40-74BF-430A-8280-C4D85BE9A580}.Release|x86.Build.0 = Release|Any CPU
	EndGlobalSection
	GlobalSection(SolutionProperties) = preSolution
		HideSolutionNode = FALSE
	EndGlobalSection
	GlobalSection(NestedProjects) = preSolution
		{A00BF8FA-B44F-4551-919C-AE7EBA3AA40F} = {6769D8A8-7DDF-9F1A-6194-7060CBC2FEA6}
		{CB7D6561-B7A0-46C9-8CC5-195A86A71A71} = {6769D8A8-7DDF-9F1A-6194-7060CBC2FEA6}
		{36C93CDE-9095-4B1C-D63C-CBD79332101D} = {09DF2EE5-5FE7-3EC7-59CB-CAD7E0928979}
		{02E0105A-C5E8-4855-9E66-9C96DD2E797D} = {36C93CDE-9095-4B1C-D63C-CBD79332101D}
		{FB724721-73D2-401B-52EF-C52D09C4CAF7} = {09DF2EE5-5FE7-3EC7-59CB-CAD7E0928979}
		{D8745230-4DC8-4D3A-99B5-B7C1C01E36AC} = {FB724721-73D2-401B-52EF-C52D09C4CAF7}
		{AE6BCBB2-1593-457D-993A-A112E34C75D4} = {FBF56CC3-7AE6-AD2D-3F14-7F97FD322CD6}
		{3B897333-915C-4B3A-82A0-9ADC429AA3A5} = {FBF56CC3-7AE6-AD2D-3F14-7F97FD322CD6}
		{FC72EAA8-7DF0-4B26-A756-7DD316BA64B8} = {0AB3BF05-4346-4AA6-1389-037BE0695223}
		{17168DF0-44B4-465C-9113-2AA03D9A15A3} = {0AB3BF05-4346-4AA6-1389-037BE0695223}
		{969A8E40-74BF-430A-8280-C4D85BE9A580} = {0AB3BF05-4346-4AA6-1389-037BE0695223}
	EndGlobalSection
	GlobalSection(ExtensibilityGlobals) = postSolution
		SolutionGuid = {84C715B0-178E-40B4-9EEF-6A90736AB619}
	EndGlobalSection
EndGlobal
